
Microsoft Visual Studio Solution File, Format Version 12.00
# Visual Studio Express 2013 for Web
VisualStudioVersion = 12.0.30110.0
MinimumVisualStudioVersion = 10.0.40219.1
Project("{FAE04EC0-301F-11D3-BF4B-00C04F79EFBC}") = "RaidScheduler.WebUI", "RaidScheduler\RaidScheduler.WebUI.csproj", "{4BBF2D96-3DFF-4F0C-BFBE-1A20228ACAC4}"
EndProject
Project("{FAE04EC0-301F-11D3-BF4B-00C04F79EFBC}") = "RaidScheduler.WebUI.Tests", "RaidScheduler.Tests\RaidScheduler.WebUI.Tests.csproj", "{7EC0C8ED-BCC0-4338-8129-124C0A9072F5}"
EndProject
Project("{FAE04EC0-301F-11D3-BF4B-00C04F79EFBC}") = "RaidScheduler.Domain", "LogicLayer\RaidScheduler.Domain.csproj", "{17A7474C-F0AA-48F5-B0DB-78BD05BE70DE}"
EndProject
Project("{FAE04EC0-301F-11D3-BF4B-00C04F79EFBC}") = "RaidScheduler.Domain.Tests", "RaidScheduler.Domain.Tests\RaidScheduler.Domain.Tests.csproj", "{189155FD-3454-480C-A782-44F4F5CCC45D}"
EndProject
Global
	GlobalSection(SolutionConfigurationPlatforms) = preSolution
		Debug|Any CPU = Debug|Any CPU
		Release|Any CPU = Release|Any CPU
	EndGlobalSection
	GlobalSection(ProjectConfigurationPlatforms) = postSolution
		{4BBF2D96-3DFF-4F0C-BFBE-1A20228ACAC4}.Debug|Any CPU.ActiveCfg = Debug|Any CPU
		{4BBF2D96-3DFF-4F0C-BFBE-1A20228ACAC4}.Debug|Any CPU.Build.0 = Debug|Any CPU
		{4BBF2D96-3DFF-4F0C-BFBE-1A20228ACAC4}.Release|Any CPU.ActiveCfg = Release|Any CPU
		{4BBF2D96-3DFF-4F0C-BFBE-1A20228ACAC4}.Release|Any CPU.Build.0 = Release|Any CPU
		{7EC0C8ED-BCC0-4338-8129-124C0A9072F5}.Debug|Any CPU.ActiveCfg = Debug|Any CPU
		{7EC0C8ED-BCC0-4338-8129-124C0A9072F5}.Release|Any CPU.ActiveCfg = Release|Any CPU
		{7EC0C8ED-BCC0-4338-8129-124C0A9072F5}.Release|Any CPU.Build.0 = Release|Any CPU
		{17A7474C-F0AA-48F5-B0DB-78BD05BE70DE}.Debug|Any CPU.ActiveCfg = Debug|Any CPU
		{17A7474C-F0AA-48F5-B0DB-78BD05BE70DE}.Debug|Any CPU.Build.0 = Debug|Any CPU
		{17A7474C-F0AA-48F5-B0DB-78BD05BE70DE}.Release|Any CPU.ActiveCfg = Release|Any CPU
		{17A7474C-F0AA-48F5-B0DB-78BD05BE70DE}.Release|Any CPU.Build.0 = Release|Any CPU
		{189155FD-3454-480C-A782-44F4F5CCC45D}.Debug|Any CPU.ActiveCfg = Debug|Any CPU
		{189155FD-3454-480C-A782-44F4F5CCC45D}.Debug|Any CPU.Build.0 = Debug|Any CPU
		{189155FD-3454-480C-A782-44F4F5CCC45D}.Release|Any CPU.ActiveCfg = Release|Any CPU
		{189155FD-3454-480C-A782-44F4F5CCC45D}.Release|Any CPU.Build.0 = Release|Any CPU
	EndGlobalSection
	GlobalSection(SolutionProperties) = preSolution
		HideSolutionNode = FALSE
	EndGlobalSection
EndGlobal
